
Microsoft Visual Studio Solution File, Format Version 12.00
# Visual Studio 15
VisualStudioVersion = 15.0.28307.168
MinimumVisualStudioVersion = 10.0.40219.1
Project("{FAE04EC0-301F-11D3-BF4B-00C04F79EFBC}") = "GitLearning", "GitLearning\GitLearning.csproj", "{3C0BEFEC-C3D8-4D37-AE2F-470E96FDEAFD}"
EndProject
Global
	GlobalSection(SolutionConfigurationPlatforms) = preSolution
		Debug|Any CPU = Debug|Any CPU
		Release|Any CPU = Release|Any CPU
	EndGlobalSection
	GlobalSection(ProjectConfigurationPlatforms) = postSolution
		{3C0BEFEC-C3D8-4D37-AE2F-470E96FDEAFD}.Debug|Any CPU.ActiveCfg = Debug|Any CPU
		{3C0BEFEC-C3D8-4D37-AE2F-470E96FDEAFD}.Debug|Any CPU.Build.0 = Debug|Any CPU
		{3C0BEFEC-C3D8-4D37-AE2F-470E96FDEAFD}.Release|Any CPU.ActiveCfg = Release|Any CPU
		{3C0BEFEC-C3D8-4D37-AE2F-470E96FDEAFD}.Release|Any CPU.Build.0 = Release|Any CPU
	EndGlobalSection
	GlobalSection(SolutionProperties) = preSolution
		HideSolutionNode = FALSE
	EndGlobalSection
	GlobalSection(ExtensibilityGlobals) = postSolution
		SolutionGuid = {5D63113D-8735-4FB2-9C15-A013FD1C7261}
	EndGlobalSection
EndGlobal
